
Microsoft Visual Studio Solution File, Format Version 12.00
# Visual Studio Version 16
VisualStudioVersion = 16.0.30320.27
MinimumVisualStudioVersion = 10.0.40219.1
Project("{FAE04EC0-301F-11D3-BF4B-00C04F79EFBC}") = "PDFTool", "PDFTool\PDFTool.csproj", "{D00FB8CB-5927-418F-9BF9-51FD04C284DA}"
EndProject
Global
	GlobalSection(SolutionConfigurationPlatforms) = preSolution
		Debug|Any CPU = Debug|Any CPU
		Release|Any CPU = Release|Any CPU
	EndGlobalSection
	GlobalSection(ProjectConfigurationPlatforms) = postSolution
		{D00FB8CB-5927-418F-9BF9-51FD04C284DA}.Debug|Any CPU.ActiveCfg = Debug|Any CPU
		{D00FB8CB-5927-418F-9BF9-51FD04C284DA}.Debug|Any CPU.Build.0 = Debug|Any CPU
		{D00FB8CB-5927-418F-9BF9-51FD04C284DA}.Release|Any CPU.ActiveCfg = Release|Any CPU
		{D00FB8CB-5927-418F-9BF9-51FD04C284DA}.Release|Any CPU.Build.0 = Release|Any CPU
	EndGlobalSection
	GlobalSection(SolutionProperties) = preSolution
		HideSolutionNode = FALSE
	EndGlobalSection
	GlobalSection(ExtensibilityGlobals) = postSolution
		SolutionGuid = {0F4F9B69-A78F-4882-8018-70512B0C6BEB}
	EndGlobalSection
EndGlobal
